
Microsoft Visual Studio Solution File, Format Version 12.00
# Visual Studio Version 17
VisualStudioVersion = 17.14.36109.1 d17.14
MinimumVisualStudioVersion = 10.0.40219.1
Project("{FAE04EC0-301F-11D3-BF4B-00C04F79EFBC}") = "Persistence", "Persistence\Persistence.csproj", "{8431EE14-D64D-4BDA-981A-421B1DCCD19A}"
EndProject
Project("{FAE04EC0-301F-11D3-BF4B-00C04F79EFBC}") = "Scraper", "Scraper\Scraper.csproj", "{AA26BBE7-7653-4702-A202-2E31BC4EEF06}"
EndProject
Project("{FAE04EC0-301F-11D3-BF4B-00C04F79EFBC}") = "Api", "Api\Api.csproj", "{87A21E02-59FD-437D-9D7F-4687F81F1938}"
EndProject
Global
	GlobalSection(SolutionConfigurationPlatforms) = preSolution
		Debug|Any CPU = Debug|Any CPU
		Release|Any CPU = Release|Any CPU
	EndGlobalSection
	GlobalSection(ProjectConfigurationPlatforms) = postSolution
		{8431EE14-D64D-4BDA-981A-421B1DCCD19A}.Debug|Any CPU.ActiveCfg = Debug|Any CPU
		{8431EE14-D64D-4BDA-981A-421B1DCCD19A}.Debug|Any CPU.Build.0 = Debug|Any CPU
		{8431EE14-D64D-4BDA-981A-421B1DCCD19A}.Release|Any CPU.ActiveCfg = Release|Any CPU
		{8431EE14-D64D-4BDA-981A-421B1DCCD19A}.Release|Any CPU.Build.0 = Release|Any CPU
		{AA26BBE7-7653-4702-A202-2E31BC4EEF06}.Debug|Any CPU.ActiveCfg = Debug|Any CPU
		{AA26BBE7-7653-4702-A202-2E31BC4EEF06}.Debug|Any CPU.Build.0 = Debug|Any CPU
		{AA26BBE7-7653-4702-A202-2E31BC4EEF06}.Release|Any CPU.ActiveCfg = Release|Any CPU
		{AA26BBE7-7653-4702-A202-2E31BC4EEF06}.Release|Any CPU.Build.0 = Release|Any CPU
		{87A21E02-59FD-437D-9D7F-4687F81F1938}.Debug|Any CPU.ActiveCfg = Debug|Any CPU
		{87A21E02-59FD-437D-9D7F-4687F81F1938}.Debug|Any CPU.Build.0 = Debug|Any CPU
		{87A21E02-59FD-437D-9D7F-4687F81F1938}.Release|Any CPU.ActiveCfg = Release|Any CPU
		{87A21E02-59FD-437D-9D7F-4687F81F1938}.Release|Any CPU.Build.0 = Release|Any CPU
	EndGlobalSection
	GlobalSection(SolutionProperties) = preSolution
		HideSolutionNode = FALSE
	EndGlobalSection
	GlobalSection(ExtensibilityGlobals) = postSolution
		SolutionGuid = {E3A25515-5C74-466F-8CD4-46AC45E9F360}
	EndGlobalSection
EndGlobal
